
Microsoft Visual Studio Solution File, Format Version 12.00
# Visual Studio 2012
Project("{FAE04EC0-301F-11D3-BF4B-00C04F79EFBC}") = "TYBearQuiz", "TYBearQuiz\TYBearQuiz.csproj", "{5FC60082-7D3F-4927-AEF9-38A3A645FB47}"
EndProject
Project("{FAE04EC0-301F-11D3-BF4B-00C04F79EFBC}") = "TYBearQuiz.Tests", "TYBearQuiz.Tests\TYBearQuiz.Tests.csproj", "{E7AAD0A9-F170-4987-BF3D-85312BB7BCF0}"
EndProject
Global
	GlobalSection(SolutionConfigurationPlatforms) = preSolution
		Debug|Any CPU = Debug|Any CPU
		Release|Any CPU = Release|Any CPU
	EndGlobalSection
	GlobalSection(ProjectConfigurationPlatforms) = postSolution
		{5FC60082-7D3F-4927-AEF9-38A3A645FB47}.Debug|Any CPU.ActiveCfg = Debug|Any CPU
		{5FC60082-7D3F-4927-AEF9-38A3A645FB47}.Debug|Any CPU.Build.0 = Debug|Any CPU
		{5FC60082-7D3F-4927-AEF9-38A3A645FB47}.Release|Any CPU.ActiveCfg = Release|Any CPU
		{5FC60082-7D3F-4927-AEF9-38A3A645FB47}.Release|Any CPU.Build.0 = Release|Any CPU
		{E7AAD0A9-F170-4987-BF3D-85312BB7BCF0}.Debug|Any CPU.ActiveCfg = Debug|Any CPU
		{E7AAD0A9-F170-4987-BF3D-85312BB7BCF0}.Debug|Any CPU.Build.0 = Debug|Any CPU
		{E7AAD0A9-F170-4987-BF3D-85312BB7BCF0}.Release|Any CPU.ActiveCfg = Release|Any CPU
		{E7AAD0A9-F170-4987-BF3D-85312BB7BCF0}.Release|Any CPU.Build.0 = Release|Any CPU
	EndGlobalSection
EndGlobal
